// !$*UTF8*$!
{
	archiveVersion = 1;
	classes = {
	};
	objectVersion = 56;
	objects = {

/* Begin PBXBuildFile section */
		596375DD2B5DF04E0023A878 /* Helper.swift in Sources */ = {isa = PBXBuildFile; fileRef = 596375DC2B5DF04E0023A878 /* Helper.swift */; };
		59A5723C2B5AE38E000C0262 /* AppDelegate.swift in Sources */ = {isa = PBXBuildFile; fileRef = 59A5723B2B5AE38E000C0262 /* AppDelegate.swift */; };
		59A5723E2B5AE38E000C0262 /* SceneDelegate.swift in Sources */ = {isa = PBXBuildFile; fileRef = 59A5723D2B5AE38E000C0262 /* SceneDelegate.swift */; };
		59A572402B5AE38E000C0262 /* WelcomeViewController.swift in Sources */ = {isa = PBXBuildFile; fileRef = 59A5723F2B5AE38E000C0262 /* WelcomeViewController.swift */; };
		59A572452B5AE390000C0262 /* Assets.xcassets in Resources */ = {isa = PBXBuildFile; fileRef = 59A572442B5AE390000C0262 /* Assets.xcassets */; };
		59A572482B5AE390000C0262 /* LaunchScreen.storyboard in Resources */ = {isa = PBXBuildFile; fileRef = 59A572462B5AE390000C0262 /* LaunchScreen.storyboard */; };
		59A572512B5AE444000C0262 /* RegisterViewController.swift in Sources */ = {isa = PBXBuildFile; fileRef = 59A572502B5AE444000C0262 /* RegisterViewController.swift */; };
		59A572532B5AE451000C0262 /* LogInViewController.swift in Sources */ = {isa = PBXBuildFile; fileRef = 59A572522B5AE450000C0262 /* LogInViewController.swift */; };
		59A572552B5AE460000C0262 /* ChatViewController.swift in Sources */ = {isa = PBXBuildFile; fileRef = 59A572542B5AE460000C0262 /* ChatViewController.swift */; };
		59A572582B5AE61A000C0262 /* Main.storyboard in Resources */ = {isa = PBXBuildFile; fileRef = 59A572572B5AE61A000C0262 /* Main.storyboard */; };
		59A5725A2B5AE761000C0262 /* MessageCell.swift in Sources */ = {isa = PBXBuildFile; fileRef = 59A572592B5AE761000C0262 /* MessageCell.swift */; };
		59A5725E2B5AE7D5000C0262 /* GoogleService-Info.plist in Resources */ = {isa = PBXBuildFile; fileRef = 59A5725D2B5AE7D5000C0262 /* GoogleService-Info.plist */; };
		59A572612B5AE885000C0262 /* FirebaseAnalytics in Frameworks */ = {isa = PBXBuildFile; productRef = 59A572602B5AE885000C0262 /* FirebaseAnalytics */; };
		59A572632B5AE885000C0262 /* FirebaseAnalyticsOnDeviceConversion in Frameworks */ = {isa = PBXBuildFile; productRef = 59A572622B5AE885000C0262 /* FirebaseAnalyticsOnDeviceConversion */; };
		59A572652B5AE885000C0262 /* FirebaseAnalyticsSwift in Frameworks */ = {isa = PBXBuildFile; productRef = 59A572642B5AE885000C0262 /* FirebaseAnalyticsSwift */; };
		59A572672B5AE885000C0262 /* FirebaseAnalyticsWithoutAdIdSupport in Frameworks */ = {isa = PBXBuildFile; productRef = 59A572662B5AE885000C0262 /* FirebaseAnalyticsWithoutAdIdSupport */; };
		59A572692B5AE885000C0262 /* FirebaseAppCheck in Frameworks */ = {isa = PBXBuildFile; productRef = 59A572682B5AE885000C0262 /* FirebaseAppCheck */; };
		59A5726B2B5AE885000C0262 /* FirebaseAppDistribution-Beta in Frameworks */ = {isa = PBXBuildFile; productRef = 59A5726A2B5AE885000C0262 /* FirebaseAppDistribution-Beta */; };
		59A5726D2B5AE885000C0262 /* FirebaseFunctionsCombine-Community in Frameworks */ = {isa = PBXBuildFile; productRef = 59A5726C2B5AE885000C0262 /* FirebaseFunctionsCombine-Community */; };
		59A5726F2B5AE885000C0262 /* FirebaseInAppMessaging-Beta in Frameworks */ = {isa = PBXBuildFile; productRef = 59A5726E2B5AE885000C0262 /* FirebaseInAppMessaging-Beta */; };
		59A572712B5AE885000C0262 /* FirebaseInAppMessagingSwift-Beta in Frameworks */ = {isa = PBXBuildFile; productRef = 59A572702B5AE885000C0262 /* FirebaseInAppMessagingSwift-Beta */; };
		59A572732B5AE885000C0262 /* FirebaseInstallations in Frameworks */ = {isa = PBXBuildFile; productRef = 59A572722B5AE885000C0262 /* FirebaseInstallations */; };
		59A572752B5AE885000C0262 /* FirebaseMLModelDownloader in Frameworks */ = {isa = PBXBuildFile; productRef = 59A572742B5AE885000C0262 /* FirebaseMLModelDownloader */; };
		59A572772B5AE885000C0262 /* FirebaseMessaging in Frameworks */ = {isa = PBXBuildFile; productRef = 59A572762B5AE885000C0262 /* FirebaseMessaging */; };
		59A572792B5AE885000C0262 /* FirebasePerformance in Frameworks */ = {isa = PBXBuildFile; productRef = 59A572782B5AE885000C0262 /* FirebasePerformance */; };
		59A5727B2B5AE885000C0262 /* FirebaseRemoteConfig in Frameworks */ = {isa = PBXBuildFile; productRef = 59A5727A2B5AE885000C0262 /* FirebaseRemoteConfig */; };
		59A5727D2B5AE885000C0262 /* FirebaseRemoteConfigSwift in Frameworks */ = {isa = PBXBuildFile; productRef = 59A5727C2B5AE885000C0262 /* FirebaseRemoteConfigSwift */; };
		59A5727F2B5AE885000C0262 /* FirebaseStorage in Frameworks */ = {isa = PBXBuildFile; productRef = 59A5727E2B5AE885000C0262 /* FirebaseStorage */; };
		59A572812B5AE885000C0262 /* FirebaseStorageCombine-Community in Frameworks */ = {isa = PBXBuildFile; productRef = 59A572802B5AE885000C0262 /* FirebaseStorageCombine-Community */; };
		59A572832B5AE941000C0262 /* FirebaseAnalytics in Frameworks */ = {isa = PBXBuildFile; productRef = 59A572822B5AE941000C0262 /* FirebaseAnalytics */; };
		59A572852B5AE941000C0262 /* FirebaseAnalyticsOnDeviceConversion in Frameworks */ = {isa = PBXBuildFile; productRef = 59A572842B5AE941000C0262 /* FirebaseAnalyticsOnDeviceConversion */; };
		59A572872B5AE941000C0262 /* FirebaseAnalyticsSwift in Frameworks */ = {isa = PBXBuildFile; productRef = 59A572862B5AE941000C0262 /* FirebaseAnalyticsSwift */; };
		59A572892B5AE941000C0262 /* FirebaseAnalyticsWithoutAdIdSupport in Frameworks */ = {isa = PBXBuildFile; productRef = 59A572882B5AE941000C0262 /* FirebaseAnalyticsWithoutAdIdSupport */; };
		59A5728B2B5AE941000C0262 /* FirebaseAppCheck in Frameworks */ = {isa = PBXBuildFile; productRef = 59A5728A2B5AE941000C0262 /* FirebaseAppCheck */; };
		59A5728D2B5AE941000C0262 /* FirebaseAppDistribution-Beta in Frameworks */ = {isa = PBXBuildFile; productRef = 59A5728C2B5AE941000C0262 /* FirebaseAppDistribution-Beta */; };
		59A5728F2B5AE941000C0262 /* FirebaseAuth in Frameworks */ = {isa = PBXBuildFile; productRef = 59A5728E2B5AE941000C0262 /* FirebaseAuth */; };
		59A572912B5AE941000C0262 /* FirebaseAuthCombine-Community in Frameworks */ = {isa = PBXBuildFile; productRef = 59A572902B5AE941000C0262 /* FirebaseAuthCombine-Community */; };
		59A572932B5AE941000C0262 /* FirebaseCrashlytics in Frameworks */ = {isa = PBXBuildFile; productRef = 59A572922B5AE941000C0262 /* FirebaseCrashlytics */; };
		59A572952B5AE941000C0262 /* FirebaseDatabase in Frameworks */ = {isa = PBXBuildFile; productRef = 59A572942B5AE941000C0262 /* FirebaseDatabase */; };
		59A572972B5AE941000C0262 /* FirebaseDatabaseSwift in Frameworks */ = {isa = PBXBuildFile; productRef = 59A572962B5AE941000C0262 /* FirebaseDatabaseSwift */; };
		59A572992B5AE941000C0262 /* FirebaseDynamicLinks in Frameworks */ = {isa = PBXBuildFile; productRef = 59A572982B5AE941000C0262 /* FirebaseDynamicLinks */; };
		59A5729B2B5AE941000C0262 /* FirebaseFirestore in Frameworks */ = {isa = PBXBuildFile; productRef = 59A5729A2B5AE941000C0262 /* FirebaseFirestore */; };
		59A5729D2B5AE941000C0262 /* FirebaseFirestoreCombine-Community in Frameworks */ = {isa = PBXBuildFile; productRef = 59A5729C2B5AE941000C0262 /* FirebaseFirestoreCombine-Community */; };
		59A5729F2B5AE941000C0262 /* FirebaseFirestoreSwift in Frameworks */ = {isa = PBXBuildFile; productRef = 59A5729E2B5AE941000C0262 /* FirebaseFirestoreSwift */; };
		59A572A12B5AE941000C0262 /* FirebaseFunctions in Frameworks */ = {isa = PBXBuildFile; productRef = 59A572A02B5AE941000C0262 /* FirebaseFunctions */; };
		59A572A32B5AE941000C0262 /* FirebaseFunctionsCombine-Community in Frameworks */ = {isa = PBXBuildFile; productRef = 59A572A22B5AE941000C0262 /* FirebaseFunctionsCombine-Community */; };
		59A572A52B5AE941000C0262 /* FirebaseInAppMessaging-Beta in Frameworks */ = {isa = PBXBuildFile; productRef = 59A572A42B5AE941000C0262 /* FirebaseInAppMessaging-Beta */; };
		59A572A72B5AE941000C0262 /* FirebaseInAppMessagingSwift-Beta in Frameworks */ = {isa = PBXBuildFile; productRef = 59A572A62B5AE941000C0262 /* FirebaseInAppMessagingSwift-Beta */; };
		59A572A92B5AE941000C0262 /* FirebaseInstallations in Frameworks */ = {isa = PBXBuildFile; productRef = 59A572A82B5AE941000C0262 /* FirebaseInstallations */; };
		59A572AB2B5AE941000C0262 /* FirebaseMLModelDownloader in Frameworks */ = {isa = PBXBuildFile; productRef = 59A572AA2B5AE941000C0262 /* FirebaseMLModelDownloader */; };
		59A572AD2B5AE941000C0262 /* FirebaseMessaging in Frameworks */ = {isa = PBXBuildFile; productRef = 59A572AC2B5AE941000C0262 /* FirebaseMessaging */; };
		59A572AF2B5AE941000C0262 /* FirebasePerformance in Frameworks */ = {isa = PBXBuildFile; productRef = 59A572AE2B5AE941000C0262 /* FirebasePerformance */; };
		59A572B12B5AE941000C0262 /* FirebaseRemoteConfig in Frameworks */ = {isa = PBXBuildFile; productRef = 59A572B02B5AE941000C0262 /* FirebaseRemoteConfig */; };
		59A572B32B5AE941000C0262 /* FirebaseRemoteConfigSwift in Frameworks */ = {isa = PBXBuildFile; productRef = 59A572B22B5AE941000C0262 /* FirebaseRemoteConfigSwift */; };
		59A572B52B5AE941000C0262 /* FirebaseStorage in Frameworks */ = {isa = PBXBuildFile; productRef = 59A572B42B5AE941000C0262 /* FirebaseStorage */; };
		59A572B72B5AE941000C0262 /* FirebaseStorageCombine-Community in Frameworks */ = {isa = PBXBuildFile; productRef = 59A572B62B5AE941000C0262 /* FirebaseStorageCombine-Community */; };
		59A572BA2B5AEA06000C0262 /* IQKeyboardManagerSwift in Frameworks */ = {isa = PBXBuildFile; productRef = 59A572B92B5AEA06000C0262 /* IQKeyboardManagerSwift */; };
		59A572BC2B5AEA79000C0262 /* IQKeyboardManagerSwift in Frameworks */ = {isa = PBXBuildFile; productRef = 59A572BB2B5AEA79000C0262 /* IQKeyboardManagerSwift */; };
		59A572BF2B5AEACA000C0262 /* MessageModel.swift in Sources */ = {isa = PBXBuildFile; fileRef = 59A572BE2B5AEACA000C0262 /* MessageModel.swift */; };
		59A572C12B5C4D75000C0262 /* MessageCell.xib in Resources */ = {isa = PBXBuildFile; fileRef = 59A572C02B5C4D75000C0262 /* MessageCell.xib */; };
/* End PBXBuildFile section */

/* Begin PBXFileReference section */
		596375DC2B5DF04E0023A878 /* Helper.swift */ = {isa = PBXFileReference; lastKnownFileType = sourcecode.swift; path = Helper.swift; sourceTree = "<group>"; };
		59A572382B5AE38E000C0262 /* iOSChatApp.app */ = {isa = PBXFileReference; explicitFileType = wrapper.application; includeInIndex = 0; path = iOSChatApp.app; sourceTree = BUILT_PRODUCTS_DIR; };
		59A5723B2B5AE38E000C0262 /* AppDelegate.swift */ = {isa = PBXFileReference; lastKnownFileType = sourcecode.swift; path = AppDelegate.swift; sourceTree = "<group>"; };
		59A5723D2B5AE38E000C0262 /* SceneDelegate.swift */ = {isa = PBXFileReference; lastKnownFileType = sourcecode.swift; path = SceneDelegate.swift; sourceTree = "<group>"; };
		59A5723F2B5AE38E000C0262 /* WelcomeViewController.swift */ = {isa = PBXFileReference; lastKnownFileType = sourcecode.swift; path = WelcomeViewController.swift; sourceTree = "<group>"; };
		59A572442B5AE390000C0262 /* Assets.xcassets */ = {isa = PBXFileReference; lastKnownFileType = folder.assetcatalog; path = Assets.xcassets; sourceTree = "<group>"; };
		59A572472B5AE390000C0262 /* Base */ = {isa = PBXFileReference; lastKnownFileType = file.storyboard; name = Base; path = Base.lproj/LaunchScreen.storyboard; sourceTree = "<group>"; };
		59A572492B5AE390000C0262 /* Info.plist */ = {isa = PBXFileReference; lastKnownFileType = text.plist.xml; path = Info.plist; sourceTree = "<group>"; };
		59A572502B5AE444000C0262 /* RegisterViewController.swift */ = {isa = PBXFileReference; lastKnownFileType = sourcecode.swift; path = RegisterViewController.swift; sourceTree = "<group>"; };
		59A572522B5AE450000C0262 /* LogInViewController.swift */ = {isa = PBXFileReference; lastKnownFileType = sourcecode.swift; path = LogInViewController.swift; sourceTree = "<group>"; };
		59A572542B5AE460000C0262 /* ChatViewController.swift */ = {isa = PBXFileReference; lastKnownFileType = sourcecode.swift; path = ChatViewController.swift; sourceTree = "<group>"; };
		59A572572B5AE61A000C0262 /* Main.storyboard */ = {isa = PBXFileReference; fileEncoding = 4; lastKnownFileType = file.storyboard; path = Main.storyboard; sourceTree = "<group>"; };
		59A572592B5AE761000C0262 /* MessageCell.swift */ = {isa = PBXFileReference; fileEncoding = 4; lastKnownFileType = sourcecode.swift; path = MessageCell.swift; sourceTree = "<group>"; };
		59A5725D2B5AE7D5000C0262 /* GoogleService-Info.plist */ = {isa = PBXFileReference; fileEncoding = 4; lastKnownFileType = text.plist.xml; path = "GoogleService-Info.plist"; sourceTree = "<group>"; };
		59A572BE2B5AEACA000C0262 /* MessageModel.swift */ = {isa = PBXFileReference; fileEncoding = 4; lastKnownFileType = sourcecode.swift; path = MessageModel.swift; sourceTree = "<group>"; };
		59A572C02B5C4D75000C0262 /* MessageCell.xib */ = {isa = PBXFileReference; fileEncoding = 4; lastKnownFileType = file.xib; name = MessageCell.xib; path = "../../../../Documents/Flash-Chat-iOS13-Completed/Flash Chat iOS13/Views/MessageCell.xib"; sourceTree = "<group>"; };
/* End PBXFileReference section */

/* Begin PBXFrameworksBuildPhase section */
		59A572352B5AE38E000C0262 /* Frameworks */ = {
			isa = PBXFrameworksBuildPhase;
			buildActionMask = 2147483647;
			files = (
				59A572972B5AE941000C0262 /* FirebaseDatabaseSwift in Frameworks */,
				59A572A32B5AE941000C0262 /* FirebaseFunctionsCombine-Community in Frameworks */,
				59A572B52B5AE941000C0262 /* FirebaseStorage in Frameworks */,
				59A572772B5AE885000C0262 /* FirebaseMessaging in Frameworks */,
				59A572B32B5AE941000C0262 /* FirebaseRemoteConfigSwift in Frameworks */,
				59A572BA2B5AEA06000C0262 /* IQKeyboardManagerSwift in Frameworks */,
				59A5726D2B5AE885000C0262 /* FirebaseFunctionsCombine-Community in Frameworks */,
				59A572652B5AE885000C0262 /* FirebaseAnalyticsSwift in Frameworks */,
				59A5727B2B5AE885000C0262 /* FirebaseRemoteConfig in Frameworks */,
				59A5728D2B5AE941000C0262 /* FirebaseAppDistribution-Beta in Frameworks */,
				59A572A92B5AE941000C0262 /* FirebaseInstallations in Frameworks */,
				59A572892B5AE941000C0262 /* FirebaseAnalyticsWithoutAdIdSupport in Frameworks */,
				59A572872B5AE941000C0262 /* FirebaseAnalyticsSwift in Frameworks */,
				59A5728F2B5AE941000C0262 /* FirebaseAuth in Frameworks */,
				59A572A12B5AE941000C0262 /* FirebaseFunctions in Frameworks */,
				59A572BC2B5AEA79000C0262 /* IQKeyboardManagerSwift in Frameworks */,
				59A572612B5AE885000C0262 /* FirebaseAnalytics in Frameworks */,
				59A572932B5AE941000C0262 /* FirebaseCrashlytics in Frameworks */,
				59A5727F2B5AE885000C0262 /* FirebaseStorage in Frameworks */,
				59A572812B5AE885000C0262 /* FirebaseStorageCombine-Community in Frameworks */,
				59A5726F2B5AE885000C0262 /* FirebaseInAppMessaging-Beta in Frameworks */,
				59A5728B2B5AE941000C0262 /* FirebaseAppCheck in Frameworks */,
				59A572832B5AE941000C0262 /* FirebaseAnalytics in Frameworks */,
				59A572912B5AE941000C0262 /* FirebaseAuthCombine-Community in Frameworks */,
				59A572B72B5AE941000C0262 /* FirebaseStorageCombine-Community in Frameworks */,
				59A572632B5AE885000C0262 /* FirebaseAnalyticsOnDeviceConversion in Frameworks */,
				59A572AD2B5AE941000C0262 /* FirebaseMessaging in Frameworks */,
				59A572B12B5AE941000C0262 /* FirebaseRemoteConfig in Frameworks */,
				59A572AF2B5AE941000C0262 /* FirebasePerformance in Frameworks */,
				59A572692B5AE885000C0262 /* FirebaseAppCheck in Frameworks */,
				59A572672B5AE885000C0262 /* FirebaseAnalyticsWithoutAdIdSupport in Frameworks */,
				59A572752B5AE885000C0262 /* FirebaseMLModelDownloader in Frameworks */,
				59A572852B5AE941000C0262 /* FirebaseAnalyticsOnDeviceConversion in Frameworks */,
				59A572712B5AE885000C0262 /* FirebaseInAppMessagingSwift-Beta in Frameworks */,
				59A5729F2B5AE941000C0262 /* FirebaseFirestoreSwift in Frameworks */,
				59A5729B2B5AE941000C0262 /* FirebaseFirestore in Frameworks */,
				59A5729D2B5AE941000C0262 /* FirebaseFirestoreCombine-Community in Frameworks */,
				59A572792B5AE885000C0262 /* FirebasePerformance in Frameworks */,
				59A572A52B5AE941000C0262 /* FirebaseInAppMessaging-Beta in Frameworks */,
				59A572AB2B5AE941000C0262 /* FirebaseMLModelDownloader in Frameworks */,
				59A5727D2B5AE885000C0262 /* FirebaseRemoteConfigSwift in Frameworks */,
				59A572952B5AE941000C0262 /* FirebaseDatabase in Frameworks */,
				59A5726B2B5AE885000C0262 /* FirebaseAppDistribution-Beta in Frameworks */,
				59A572992B5AE941000C0262 /* FirebaseDynamicLinks in Frameworks */,
				59A572A72B5AE941000C0262 /* FirebaseInAppMessagingSwift-Beta in Frameworks */,
				59A572732B5AE885000C0262 /* FirebaseInstallations in Frameworks */,
			);
			runOnlyForDeploymentPostprocessing = 0;
		};
/* End PBXFrameworksBuildPhase section */

/* Begin PBXGroup section */
		59A5722F2B5AE38E000C0262 = {
			isa = PBXGroup;
			children = (
				59A5723A2B5AE38E000C0262 /* iOSChatApp */,
				59A572392B5AE38E000C0262 /* Products */,
			);
			sourceTree = "<group>";
		};
		59A572392B5AE38E000C0262 /* Products */ = {
			isa = PBXGroup;
			children = (
				59A572382B5AE38E000C0262 /* iOSChatApp.app */,
			);
			name = Products;
			sourceTree = "<group>";
		};
		59A5723A2B5AE38E000C0262 /* iOSChatApp */ = {
			isa = PBXGroup;
			children = (
				59A5723B2B5AE38E000C0262 /* AppDelegate.swift */,
				59A5723D2B5AE38E000C0262 /* SceneDelegate.swift */,
				59A572BD2B5AEABB000C0262 /* Model */,
				59A5724F2B5AE3A5000C0262 /* Controller */,
				59A572562B5AE516000C0262 /* View */,
				59A572442B5AE390000C0262 /* Assets.xcassets */,
				59A572462B5AE390000C0262 /* LaunchScreen.storyboard */,
				59A572492B5AE390000C0262 /* Info.plist */,
				59A5725D2B5AE7D5000C0262 /* GoogleService-Info.plist */,
			);
			path = iOSChatApp;
			sourceTree = "<group>";
		};
		59A5724F2B5AE3A5000C0262 /* Controller */ = {
			isa = PBXGroup;
			children = (
				59A5723F2B5AE38E000C0262 /* WelcomeViewController.swift */,
				59A572502B5AE444000C0262 /* RegisterViewController.swift */,
				59A572522B5AE450000C0262 /* LogInViewController.swift */,
				59A572542B5AE460000C0262 /* ChatViewController.swift */,
				59A572592B5AE761000C0262 /* MessageCell.swift */,
			);
			path = Controller;
			sourceTree = "<group>";
		};
		59A572562B5AE516000C0262 /* View */ = {
			isa = PBXGroup;
			children = (
				59A572572B5AE61A000C0262 /* Main.storyboard */,
				59A572C02B5C4D75000C0262 /* MessageCell.xib */,
			);
			path = View;
			sourceTree = "<group>";
		};
		59A572BD2B5AEABB000C0262 /* Model */ = {
			isa = PBXGroup;
			children = (
				59A572BE2B5AEACA000C0262 /* MessageModel.swift */,
				596375DC2B5DF04E0023A878 /* Helper.swift */,
			);
			path = Model;
			sourceTree = "<group>";
		};
/* End PBXGroup section */

/* Begin PBXNativeTarget section */
		59A572372B5AE38E000C0262 /* iOSChatApp */ = {
			isa = PBXNativeTarget;
			buildConfigurationList = 59A5724C2B5AE390000C0262 /* Build configuration list for PBXNativeTarget "iOSChatApp" */;
			buildPhases = (
				59A572342B5AE38E000C0262 /* Sources */,
				59A572352B5AE38E000C0262 /* Frameworks */,
				59A572362B5AE38E000C0262 /* Resources */,
			);
			buildRules = (
			);
			dependencies = (
			);
			name = iOSChatApp;
			packageProductDependencies = (
				59A572602B5AE885000C0262 /* FirebaseAnalytics */,
				59A572622B5AE885000C0262 /* FirebaseAnalyticsOnDeviceConversion */,
				59A572642B5AE885000C0262 /* FirebaseAnalyticsSwift */,
				59A572662B5AE885000C0262 /* FirebaseAnalyticsWithoutAdIdSupport */,
				59A572682B5AE885000C0262 /* FirebaseAppCheck */,
				59A5726A2B5AE885000C0262 /* FirebaseAppDistribution-Beta */,
				59A5726C2B5AE885000C0262 /* FirebaseFunctionsCombine-Community */,
				59A5726E2B5AE885000C0262 /* FirebaseInAppMessaging-Beta */,
				59A572702B5AE885000C0262 /* FirebaseInAppMessagingSwift-Beta */,
				59A572722B5AE885000C0262 /* FirebaseInstallations */,
				59A572742B5AE885000C0262 /* FirebaseMLModelDownloader */,
				59A572762B5AE885000C0262 /* FirebaseMessaging */,
				59A572782B5AE885000C0262 /* FirebasePerformance */,
				59A5727A2B5AE885000C0262 /* FirebaseRemoteConfig */,
				59A5727C2B5AE885000C0262 /* FirebaseRemoteConfigSwift */,
				59A5727E2B5AE885000C0262 /* FirebaseStorage */,
				59A572802B5AE885000C0262 /* FirebaseStorageCombine-Community */,
				59A572822B5AE941000C0262 /* FirebaseAnalytics */,
				59A572842B5AE941000C0262 /* FirebaseAnalyticsOnDeviceConversion */,
				59A572862B5AE941000C0262 /* FirebaseAnalyticsSwift */,
				59A572882B5AE941000C0262 /* FirebaseAnalyticsWithoutAdIdSupport */,
				59A5728A2B5AE941000C0262 /* FirebaseAppCheck */,
				59A5728C2B5AE941000C0262 /* FirebaseAppDistribution-Beta */,
				59A5728E2B5AE941000C0262 /* FirebaseAuth */,
				59A572902B5AE941000C0262 /* FirebaseAuthCombine-Community */,
				59A572922B5AE941000C0262 /* FirebaseCrashlytics */,
				59A572942B5AE941000C0262 /* FirebaseDatabase */,
				59A572962B5AE941000C0262 /* FirebaseDatabaseSwift */,
				59A572982B5AE941000C0262 /* FirebaseDynamicLinks */,
				59A5729A2B5AE941000C0262 /* FirebaseFirestore */,
				59A5729C2B5AE941000C0262 /* FirebaseFirestoreCombine-Community */,
				59A5729E2B5AE941000C0262 /* FirebaseFirestoreSwift */,
				59A572A02B5AE941000C0262 /* FirebaseFunctions */,
				59A572A22B5AE941000C0262 /* FirebaseFunctionsCombine-Community */,
				59A572A42B5AE941000C0262 /* FirebaseInAppMessaging-Beta */,
				59A572A62B5AE941000C0262 /* FirebaseInAppMessagingSwift-Beta */,
				59A572A82B5AE941000C0262 /* FirebaseInstallations */,
				59A572AA2B5AE941000C0262 /* FirebaseMLModelDownloader */,
				59A572AC2B5AE941000C0262 /* FirebaseMessaging */,
				59A572AE2B5AE941000C0262 /* FirebasePerformance */,
				59A572B02B5AE941000C0262 /* FirebaseRemoteConfig */,
				59A572B22B5AE941000C0262 /* FirebaseRemoteConfigSwift */,
				59A572B42B5AE941000C0262 /* FirebaseStorage */,
				59A572B62B5AE941000C0262 /* FirebaseStorageCombine-Community */,
				59A572B92B5AEA06000C0262 /* IQKeyboardManagerSwift */,
				59A572BB2B5AEA79000C0262 /* IQKeyboardManagerSwift */,
			);
			productName = iOSChatApp;
			productReference = 59A572382B5AE38E000C0262 /* iOSChatApp.app */;
			productType = "com.apple.product-type.application";
		};
/* End PBXNativeTarget section */

/* Begin PBXProject section */
		59A572302B5AE38E000C0262 /* Project object */ = {
			isa = PBXProject;
			attributes = {
				BuildIndependentTargetsInParallel = 1;
				LastSwiftUpdateCheck = 1510;
				LastUpgradeCheck = 1510;
				TargetAttributes = {
					59A572372B5AE38E000C0262 = {
						CreatedOnToolsVersion = 15.1;
					};
				};
			};
			buildConfigurationList = 59A572332B5AE38E000C0262 /* Build configuration list for PBXProject "iOSChatApp" */;
			compatibilityVersion = "Xcode 14.0";
			developmentRegion = en;
			hasScannedForEncodings = 0;
			knownRegions = (
				en,
				Base,
			);
			mainGroup = 59A5722F2B5AE38E000C0262;
			packageReferences = (
				59A5725F2B5AE885000C0262 /* XCRemoteSwiftPackageReference "firebase-ios-sdk" */,
				59A572B82B5AEA06000C0262 /* XCRemoteSwiftPackageReference "IQKeyboardManager" */,
			);
			productRefGroup = 59A572392B5AE38E000C0262 /* Products */;
			projectDirPath = "";
			projectRoot = "";
			targets = (
				59A572372B5AE38E000C0262 /* iOSChatApp */,
			);
		};
/* End PBXProject section */

/* Begin PBXResourcesBuildPhase section */
		59A572362B5AE38E000C0262 /* Resources */ = {
			isa = PBXResourcesBuildPhase;
			buildActionMask = 2147483647;
			files = (
				59A572482B5AE390000C0262 /* LaunchScreen.storyboard in Resources */,
				59A572C12B5C4D75000C0262 /* MessageCell.xib in Resources */,
				59A5725E2B5AE7D5000C0262 /* GoogleService-Info.plist in Resources */,
				59A572452B5AE390000C0262 /* Assets.xcassets in Resources */,
				59A572582B5AE61A000C0262 /* Main.storyboard in Resources */,
			);
			runOnlyForDeploymentPostprocessing = 0;
		};
/* End PBXResourcesBuildPhase section */

/* Begin PBXSourcesBuildPhase section */
		59A572342B5AE38E000C0262 /* Sources */ = {
			isa = PBXSourcesBuildPhase;
			buildActionMask = 2147483647;
			files = (
				59A572402B5AE38E000C0262 /* WelcomeViewController.swift in Sources */,
				59A5723C2B5AE38E000C0262 /* AppDelegate.swift in Sources */,
				59A5723E2B5AE38E000C0262 /* SceneDelegate.swift in Sources */,
				59A572BF2B5AEACA000C0262 /* MessageModel.swift in Sources */,
				59A572532B5AE451000C0262 /* LogInViewController.swift in Sources */,
				596375DD2B5DF04E0023A878 /* Helper.swift in Sources */,
				59A572552B5AE460000C0262 /* ChatViewController.swift in Sources */,
				59A572512B5AE444000C0262 /* RegisterViewController.swift in Sources */,
				59A5725A2B5AE761000C0262 /* MessageCell.swift in Sources */,
			);
			runOnlyForDeploymentPostprocessing = 0;
		};
/* End PBXSourcesBuildPhase section */

/* Begin PBXVariantGroup section */
		59A572462B5AE390000C0262 /* LaunchScreen.storyboard */ = {
			isa = PBXVariantGroup;
			children = (
				59A572472B5AE390000C0262 /* Base */,
			);
			name = LaunchScreen.storyboard;
			sourceTree = "<group>";
		};
/* End PBXVariantGroup section */

/* Begin XCBuildConfiguration section */
		59A5724A2B5AE390000C0262 /* Debug */ = {
			isa = XCBuildConfiguration;
			buildSettings = {
				ALWAYS_SEARCH_USER_PATHS = NO;
				ASSETCATALOG_COMPILER_GENERATE_SWIFT_ASSET_SYMBOL_EXTENSIONS = YES;
				CLANG_ANALYZER_NONNULL = YES;
				CLANG_ANALYZER_NUMBER_OBJECT_CONVERSION = YES_AGGRESSIVE;
				CLANG_CXX_LANGUAGE_STANDARD = "gnu++20";
				CLANG_ENABLE_MODULES = YES;
				CLANG_ENABLE_OBJC_ARC = YES;
				CLANG_ENABLE_OBJC_WEAK = YES;
				CLANG_WARN_BLOCK_CAPTURE_AUTORELEASING = YES;
				CLANG_WARN_BOOL_CONVERSION = YES;
				CLANG_WARN_COMMA = YES;
				CLANG_WARN_CONSTANT_CONVERSION = YES;
				CLANG_WARN_DEPRECATED_OBJC_IMPLEMENTATIONS = YES;
				CLANG_WARN_DIRECT_OBJC_ISA_USAGE = YES_ERROR;
				CLANG_WARN_DOCUMENTATION_COMMENTS = YES;
				CLANG_WARN_EMPTY_BODY = YES;
				CLANG_WARN_ENUM_CONVERSION = YES;
				CLANG_WARN_INFINITE_RECURSION = YES;
				CLANG_WARN_INT_CONVERSION = YES;
				CLANG_WARN_NON_LITERAL_NULL_CONVERSION = YES;
				CLANG_WARN_OBJC_IMPLICIT_RETAIN_SELF = YES;
				CLANG_WARN_OBJC_LITERAL_CONVERSION = YES;
				CLANG_WARN_OBJC_ROOT_CLASS = YES_ERROR;
				CLANG_WARN_QUOTED_INCLUDE_IN_FRAMEWORK_HEADER = YES;
				CLANG_WARN_RANGE_LOOP_ANALYSIS = YES;
				CLANG_WARN_STRICT_PROTOTYPES = YES;
				CLANG_WARN_SUSPICIOUS_MOVE = YES;
				CLANG_WARN_UNGUARDED_AVAILABILITY = YES_AGGRESSIVE;
				CLANG_WARN_UNREACHABLE_CODE = YES;
				CLANG_WARN__DUPLICATE_METHOD_MATCH = YES;
				COPY_PHASE_STRIP = NO;
				DEBUG_INFORMATION_FORMAT = dwarf;
				ENABLE_STRICT_OBJC_MSGSEND = YES;
				ENABLE_TESTABILITY = YES;
				ENABLE_USER_SCRIPT_SANDBOXING = YES;
				GCC_C_LANGUAGE_STANDARD = gnu17;
				GCC_DYNAMIC_NO_PIC = NO;
				GCC_NO_COMMON_BLOCKS = YES;
				GCC_OPTIMIZATION_LEVEL = 0;
				GCC_PREPROCESSOR_DEFINITIONS = (
					"DEBUG=1",
					"$(inherited)",
				);
				GCC_WARN_64_TO_32_BIT_CONVERSION = YES;
				GCC_WARN_ABOUT_RETURN_TYPE = YES_ERROR;
				GCC_WARN_UNDECLARED_SELECTOR = YES;
				GCC_WARN_UNINITIALIZED_AUTOS = YES_AGGRESSIVE;
				GCC_WARN_UNUSED_FUNCTION = YES;
				GCC_WARN_UNUSED_VARIABLE = YES;
				IPHONEOS_DEPLOYMENT_TARGET = 17.2;
				LOCALIZATION_PREFERS_STRING_CATALOGS = YES;
				MTL_ENABLE_DEBUG_INFO = INCLUDE_SOURCE;
				MTL_FAST_MATH = YES;
				ONLY_ACTIVE_ARCH = YES;
				SDKROOT = iphoneos;
				SWIFT_ACTIVE_COMPILATION_CONDITIONS = "DEBUG $(inherited)";
				SWIFT_OPTIMIZATION_LEVEL = "-Onone";
			};
			name = Debug;
		};
		59A5724B2B5AE390000C0262 /* Release */ = {
			isa = XCBuildConfiguration;
			buildSettings = {
				ALWAYS_SEARCH_USER_PATHS = NO;
				ASSETCATALOG_COMPILER_GENERATE_SWIFT_ASSET_SYMBOL_EXTENSIONS = YES;
				CLANG_ANALYZER_NONNULL = YES;
				CLANG_ANALYZER_NUMBER_OBJECT_CONVERSION = YES_AGGRESSIVE;
				CLANG_CXX_LANGUAGE_STANDARD = "gnu++20";
				CLANG_ENABLE_MODULES = YES;
				CLANG_ENABLE_OBJC_ARC = YES;
				CLANG_ENABLE_OBJC_WEAK = YES;
				CLANG_WARN_BLOCK_CAPTURE_AUTORELEASING = YES;
				CLANG_WARN_BOOL_CONVERSION = YES;
				CLANG_WARN_COMMA = YES;
				CLANG_WARN_CONSTANT_CONVERSION = YES;
				CLANG_WARN_DEPRECATED_OBJC_IMPLEMENTATIONS = YES;
				CLANG_WARN_DIRECT_OBJC_ISA_USAGE = YES_ERROR;
				CLANG_WARN_DOCUMENTATION_COMMENTS = YES;
				CLANG_WARN_EMPTY_BODY = YES;
				CLANG_WARN_ENUM_CONVERSION = YES;
				CLANG_WARN_INFINITE_RECURSION = YES;
				CLANG_WARN_INT_CONVERSION = YES;
				CLANG_WARN_NON_LITERAL_NULL_CONVERSION = YES;
				CLANG_WARN_OBJC_IMPLICIT_RETAIN_SELF = YES;
				CLANG_WARN_OBJC_LITERAL_CONVERSION = YES;
				CLANG_WARN_OBJC_ROOT_CLASS = YES_ERROR;
				CLANG_WARN_QUOTED_INCLUDE_IN_FRAMEWORK_HEADER = YES;
				CLANG_WARN_RANGE_LOOP_ANALYSIS = YES;
				CLANG_WARN_STRICT_PROTOTYPES = YES;
				CLANG_WARN_SUSPICIOUS_MOVE = YES;
				CLANG_WARN_UNGUARDED_AVAILABILITY = YES_AGGRESSIVE;
				CLANG_WARN_UNREACHABLE_CODE = YES;
				CLANG_WARN__DUPLICATE_METHOD_MATCH = YES;
				COPY_PHASE_STRIP = NO;
				DEBUG_INFORMATION_FORMAT = "dwarf-with-dsym";
				ENABLE_NS_ASSERTIONS = NO;
				ENABLE_STRICT_OBJC_MSGSEND = YES;
				ENABLE_USER_SCRIPT_SANDBOXING = YES;
				GCC_C_LANGUAGE_STANDARD = gnu17;
				GCC_NO_COMMON_BLOCKS = YES;
				GCC_WARN_64_TO_32_BIT_CONVERSION = YES;
				GCC_WARN_ABOUT_RETURN_TYPE = YES_ERROR;
				GCC_WARN_UNDECLARED_SELECTOR = YES;
				GCC_WARN_UNINITIALIZED_AUTOS = YES_AGGRESSIVE;
				GCC_WARN_UNUSED_FUNCTION = YES;
				GCC_WARN_UNUSED_VARIABLE = YES;
				IPHONEOS_DEPLOYMENT_TARGET = 17.2;
				LOCALIZATION_PREFERS_STRING_CATALOGS = YES;
				MTL_ENABLE_DEBUG_INFO = NO;
				MTL_FAST_MATH = YES;
				SDKROOT = iphoneos;
				SWIFT_COMPILATION_MODE = wholemodule;
				VALIDATE_PRODUCT = YES;
			};
			name = Release;
		};
		59A5724D2B5AE390000C0262 /* Debug */ = {
			isa = XCBuildConfiguration;
			buildSettings = {
				ASSETCATALOG_COMPILER_APPICON_NAME = AppIcon;
				ASSETCATALOG_COMPILER_GLOBAL_ACCENT_COLOR_NAME = AccentColor;
				CODE_SIGN_STYLE = Automatic;
				CURRENT_PROJECT_VERSION = 1;
				DEVELOPMENT_TEAM = AB5G2Z85F4;
				GENERATE_INFOPLIST_FILE = YES;
				INFOPLIST_FILE = iOSChatApp/Info.plist;
				INFOPLIST_KEY_UIApplicationSupportsIndirectInputEvents = YES;
				INFOPLIST_KEY_UILaunchStoryboardName = LaunchScreen;
				INFOPLIST_KEY_UIMainStoryboardFile = Main;
				INFOPLIST_KEY_UISupportedInterfaceOrientations_iPad = "UIInterfaceOrientationPortrait UIInterfaceOrientationPortraitUpsideDown UIInterfaceOrientationLandscapeLeft UIInterfaceOrientationLandscapeRight";
				INFOPLIST_KEY_UISupportedInterfaceOrientations_iPhone = "UIInterfaceOrientationPortrait UIInterfaceOrientationLandscapeLeft UIInterfaceOrientationLandscapeRight";
				IPHONEOS_DEPLOYMENT_TARGET = 14.0;
				LD_RUNPATH_SEARCH_PATHS = (
					"$(inherited)",
					"@executable_path/Frameworks",
				);
				MARKETING_VERSION = 1.0;
				PRODUCT_BUNDLE_IDENTIFIER = com.andrii.iOSChatApp;
				PRODUCT_NAME = "$(TARGET_NAME)";
				SWIFT_EMIT_LOC_STRINGS = YES;
				SWIFT_VERSION = 5.0;
				TARGETED_DEVICE_FAMILY = "1,2";
			};
			name = Debug;
		};
		59A5724E2B5AE390000C0262 /* Release */ = {
			isa = XCBuildConfiguration;
			buildSettings = {
				ASSETCATALOG_COMPILER_APPICON_NAME = AppIcon;
				ASSETCATALOG_COMPILER_GLOBAL_ACCENT_COLOR_NAME = AccentColor;
				CODE_SIGN_STYLE = Automatic;
				CURRENT_PROJECT_VERSION = 1;
				DEVELOPMENT_TEAM = AB5G2Z85F4;
				GENERATE_INFOPLIST_FILE = YES;
				INFOPLIST_FILE = iOSChatApp/Info.plist;
				INFOPLIST_KEY_UIApplicationSupportsIndirectInputEvents = YES;
				INFOPLIST_KEY_UILaunchStoryboardName = LaunchScreen;
				INFOPLIST_KEY_UIMainStoryboardFile = Main;
				INFOPLIST_KEY_UISupportedInterfaceOrientations_iPad = "UIInterfaceOrientationPortrait UIInterfaceOrientationPortraitUpsideDown UIInterfaceOrientationLandscapeLeft UIInterfaceOrientationLandscapeRight";
				INFOPLIST_KEY_UISupportedInterfaceOrientations_iPhone = "UIInterfaceOrientationPortrait UIInterfaceOrientationLandscapeLeft UIInterfaceOrientationLandscapeRight";
				IPHONEOS_DEPLOYMENT_TARGET = 14.0;
				LD_RUNPATH_SEARCH_PATHS = (
					"$(inherited)",
					"@executable_path/Frameworks",
				);
				MARKETING_VERSION = 1.0;
				PRODUCT_BUNDLE_IDENTIFIER = com.andrii.iOSChatApp;
				PRODUCT_NAME = "$(TARGET_NAME)";
				SWIFT_EMIT_LOC_STRINGS = YES;
				SWIFT_VERSION = 5.0;
				TARGETED_DEVICE_FAMILY = "1,2";
			};
			name = Release;
		};
/* End XCBuildConfiguration section */

/* Begin XCConfigurationList section */
		59A572332B5AE38E000C0262 /* Build configuration list for PBXProject "iOSChatApp" */ = {
			isa = XCConfigurationList;
			buildConfigurations = (
				59A5724A2B5AE390000C0262 /* Debug */,
				59A5724B2B5AE390000C0262 /* Release */,
			);
			defaultConfigurationIsVisible = 0;
			defaultConfigurationName = Release;
		};
		59A5724C2B5AE390000C0262 /* Build configuration list for PBXNativeTarget "iOSChatApp" */ = {
			isa = XCConfigurationList;
			buildConfigurations = (
				59A5724D2B5AE390000C0262 /* Debug */,
				59A5724E2B5AE390000C0262 /* Release */,
			);
			defaultConfigurationIsVisible = 0;
			defaultConfigurationName = Release;
		};
/* End XCConfigurationList section */

/* Begin XCRemoteSwiftPackageReference section */
		59A5725F2B5AE885000C0262 /* XCRemoteSwiftPackageReference "firebase-ios-sdk" */ = {
			isa = XCRemoteSwiftPackageReference;
			repositoryURL = "https://github.com/firebase/firebase-ios-sdk";
			requirement = {
				kind = upToNextMajorVersion;
				minimumVersion = 10.20.0;
			};
		};
		59A572B82B5AEA06000C0262 /* XCRemoteSwiftPackageReference "IQKeyboardManager" */ = {
			isa = XCRemoteSwiftPackageReference;
			repositoryURL = "https://github.com/hackiftekhar/IQKeyboardManager.git";
			requirement = {
				kind = upToNextMajorVersion;
				minimumVersion = 7.0.0;
			};
		};
/* End XCRemoteSwiftPackageReference section */

/* Begin XCSwiftPackageProductDependency section */
		59A572602B5AE885000C0262 /* FirebaseAnalytics */ = {
			isa = XCSwiftPackageProductDependency;
			package = 59A5725F2B5AE885000C0262 /* XCRemoteSwiftPackageReference "firebase-ios-sdk" */;
			productName = FirebaseAnalytics;
		};
		59A572622B5AE885000C0262 /* FirebaseAnalyticsOnDeviceConversion */ = {
			isa = XCSwiftPackageProductDependency;
			package = 59A5725F2B5AE885000C0262 /* XCRemoteSwiftPackageReference "firebase-ios-sdk" */;
			productName = FirebaseAnalyticsOnDeviceConversion;
		};
		59A572642B5AE885000C0262 /* FirebaseAnalyticsSwift */ = {
			isa = XCSwiftPackageProductDependency;
			package = 59A5725F2B5AE885000C0262 /* XCRemoteSwiftPackageReference "firebase-ios-sdk" */;
			productName = FirebaseAnalyticsSwift;
		};
		59A572662B5AE885000C0262 /* FirebaseAnalyticsWithoutAdIdSupport */ = {
			isa = XCSwiftPackageProductDependency;
			package = 59A5725F2B5AE885000C0262 /* XCRemoteSwiftPackageReference "firebase-ios-sdk" */;
			productName = FirebaseAnalyticsWithoutAdIdSupport;
		};
		59A572682B5AE885000C0262 /* FirebaseAppCheck */ = {
			isa = XCSwiftPackageProductDependency;
			package = 59A5725F2B5AE885000C0262 /* XCRemoteSwiftPackageReference "firebase-ios-sdk" */;
			productName = FirebaseAppCheck;
		};
		59A5726A2B5AE885000C0262 /* FirebaseAppDistribution-Beta */ = {
			isa = XCSwiftPackageProductDependency;
			package = 59A5725F2B5AE885000C0262 /* XCRemoteSwiftPackageReference "firebase-ios-sdk" */;
			productName = "FirebaseAppDistribution-Beta";
		};
		59A5726C2B5AE885000C0262 /* FirebaseFunctionsCombine-Community */ = {
			isa = XCSwiftPackageProductDependency;
			package = 59A5725F2B5AE885000C0262 /* XCRemoteSwiftPackageReference "firebase-ios-sdk" */;
			productName = "FirebaseFunctionsCombine-Community";
		};
		59A5726E2B5AE885000C0262 /* FirebaseInAppMessaging-Beta */ = {
			isa = XCSwiftPackageProductDependency;
			package = 59A5725F2B5AE885000C0262 /* XCRemoteSwiftPackageReference "firebase-ios-sdk" */;
			productName = "FirebaseInAppMessaging-Beta";
		};
		59A572702B5AE885000C0262 /* FirebaseInAppMessagingSwift-Beta */ = {
			isa = XCSwiftPackageProductDependency;
			package = 59A5725F2B5AE885000C0262 /* XCRemoteSwiftPackageReference "firebase-ios-sdk" */;
			productName = "FirebaseInAppMessagingSwift-Beta";
		};
		59A572722B5AE885000C0262 /* FirebaseInstallations */ = {
			isa = XCSwiftPackageProductDependency;
			package = 59A5725F2B5AE885000C0262 /* XCRemoteSwiftPackageReference "firebase-ios-sdk" */;
			productName = FirebaseInstallations;
		};
		59A572742B5AE885000C0262 /* FirebaseMLModelDownloader */ = {
			isa = XCSwiftPackageProductDependency;
			package = 59A5725F2B5AE885000C0262 /* XCRemoteSwiftPackageReference "firebase-ios-sdk" */;
			productName = FirebaseMLModelDownloader;
		};
		59A572762B5AE885000C0262 /* FirebaseMessaging */ = {
			isa = XCSwiftPackageProductDependency;
			package = 59A5725F2B5AE885000C0262 /* XCRemoteSwiftPackageReference "firebase-ios-sdk" */;
			productName = FirebaseMessaging;
		};
		59A572782B5AE885000C0262 /* FirebasePerformance */ = {
			isa = XCSwiftPackageProductDependency;
			package = 59A5725F2B5AE885000C0262 /* XCRemoteSwiftPackageReference "firebase-ios-sdk" */;
			productName = FirebasePerformance;
		};
		59A5727A2B5AE885000C0262 /* FirebaseRemoteConfig */ = {
			isa = XCSwiftPackageProductDependency;
			package = 59A5725F2B5AE885000C0262 /* XCRemoteSwiftPackageReference "firebase-ios-sdk" */;
			productName = FirebaseRemoteConfig;
		};
		59A5727C2B5AE885000C0262 /* FirebaseRemoteConfigSwift */ = {
			isa = XCSwiftPackageProductDependency;
			package = 59A5725F2B5AE885000C0262 /* XCRemoteSwiftPackageReference "firebase-ios-sdk" */;
			productName = FirebaseRemoteConfigSwift;
		};
		59A5727E2B5AE885000C0262 /* FirebaseStorage */ = {
			isa = XCSwiftPackageProductDependency;
			package = 59A5725F2B5AE885000C0262 /* XCRemoteSwiftPackageReference "firebase-ios-sdk" */;
			productName = FirebaseStorage;
		};
		59A572802B5AE885000C0262 /* FirebaseStorageCombine-Community */ = {
			isa = XCSwiftPackageProductDependency;
			package = 59A5725F2B5AE885000C0262 /* XCRemoteSwiftPackageReference "firebase-ios-sdk" */;
			productName = "FirebaseStorageCombine-Community";
		};
		59A572822B5AE941000C0262 /* FirebaseAnalytics */ = {
			isa = XCSwiftPackageProductDependency;
			package = 59A5725F2B5AE885000C0262 /* XCRemoteSwiftPackageReference "firebase-ios-sdk" */;
			productName = FirebaseAnalytics;
		};
		59A572842B5AE941000C0262 /* FirebaseAnalyticsOnDeviceConversion */ = {
			isa = XCSwiftPackageProductDependency;
			package = 59A5725F2B5AE885000C0262 /* XCRemoteSwiftPackageReference "firebase-ios-sdk" */;
			productName = FirebaseAnalyticsOnDeviceConversion;
		};
		59A572862B5AE941000C0262 /* FirebaseAnalyticsSwift */ = {
			isa = XCSwiftPackageProductDependency;
			package = 59A5725F2B5AE885000C0262 /* XCRemoteSwiftPackageReference "firebase-ios-sdk" */;
			productName = FirebaseAnalyticsSwift;
		};
		59A572882B5AE941000C0262 /* FirebaseAnalyticsWithoutAdIdSupport */ = {
			isa = XCSwiftPackageProductDependency;
			package = 59A5725F2B5AE885000C0262 /* XCRemoteSwiftPackageReference "firebase-ios-sdk" */;
			productName = FirebaseAnalyticsWithoutAdIdSupport;
		};
		59A5728A2B5AE941000C0262 /* FirebaseAppCheck */ = {
			isa = XCSwiftPackageProductDependency;
			package = 59A5725F2B5AE885000C0262 /* XCRemoteSwiftPackageReference "firebase-ios-sdk" */;
			productName = FirebaseAppCheck;
		};
		59A5728C2B5AE941000C0262 /* FirebaseAppDistribution-Beta */ = {
			isa = XCSwiftPackageProductDependency;
			package = 59A5725F2B5AE885000C0262 /* XCRemoteSwiftPackageReference "firebase-ios-sdk" */;
			productName = "FirebaseAppDistribution-Beta";
		};
		59A5728E2B5AE941000C0262 /* FirebaseAuth */ = {
			isa = XCSwiftPackageProductDependency;
			package = 59A5725F2B5AE885000C0262 /* XCRemoteSwiftPackageReference "firebase-ios-sdk" */;
			productName = FirebaseAuth;
		};
		59A572902B5AE941000C0262 /* FirebaseAuthCombine-Community */ = {
			isa = XCSwiftPackageProductDependency;
			package = 59A5725F2B5AE885000C0262 /* XCRemoteSwiftPackageReference "firebase-ios-sdk" */;
			productName = "FirebaseAuthCombine-Community";
		};
		59A572922B5AE941000C0262 /* FirebaseCrashlytics */ = {
			isa = XCSwiftPackageProductDependency;
			package = 59A5725F2B5AE885000C0262 /* XCRemoteSwiftPackageReference "firebase-ios-sdk" */;
			productName = FirebaseCrashlytics;
		};
		59A572942B5AE941000C0262 /* FirebaseDatabase */ = {
			isa = XCSwiftPackageProductDependency;
			package = 59A5725F2B5AE885000C0262 /* XCRemoteSwiftPackageReference "firebase-ios-sdk" */;
			productName = FirebaseDatabase;
		};
		59A572962B5AE941000C0262 /* FirebaseDatabaseSwift */ = {
			isa = XCSwiftPackageProductDependency;
			package = 59A5725F2B5AE885000C0262 /* XCRemoteSwiftPackageReference "firebase-ios-sdk" */;
			productName = FirebaseDatabaseSwift;
		};
		59A572982B5AE941000C0262 /* FirebaseDynamicLinks */ = {
			isa = XCSwiftPackageProductDependency;
			package = 59A5725F2B5AE885000C0262 /* XCRemoteSwiftPackageReference "firebase-ios-sdk" */;
			productName = FirebaseDynamicLinks;
		};
		59A5729A2B5AE941000C0262 /* FirebaseFirestore */ = {
			isa = XCSwiftPackageProductDependency;
			package = 59A5725F2B5AE885000C0262 /* XCRemoteSwiftPackageReference "firebase-ios-sdk" */;
			productName = FirebaseFirestore;
		};
		59A5729C2B5AE941000C0262 /* FirebaseFirestoreCombine-Community */ = {
			isa = XCSwiftPackageProductDependency;
			package = 59A5725F2B5AE885000C0262 /* XCRemoteSwiftPackageReference "firebase-ios-sdk" */;
			productName = "FirebaseFirestoreCombine-Community";
		};
		59A5729E2B5AE941000C0262 /* FirebaseFirestoreSwift */ = {
			isa = XCSwiftPackageProductDependency;
			package = 59A5725F2B5AE885000C0262 /* XCRemoteSwiftPackageReference "firebase-ios-sdk" */;
			productName = FirebaseFirestoreSwift;
		};
		59A572A02B5AE941000C0262 /* FirebaseFunctions */ = {
			isa = XCSwiftPackageProductDependency;
			package = 59A5725F2B5AE885000C0262 /* XCRemoteSwiftPackageReference "firebase-ios-sdk" */;
			productName = FirebaseFunctions;
		};
		59A572A22B5AE941000C0262 /* FirebaseFunctionsCombine-Community */ = {
			isa = XCSwiftPackageProductDependency;
			package = 59A5725F2B5AE885000C0262 /* XCRemoteSwiftPackageReference "firebase-ios-sdk" */;
			productName = "FirebaseFunctionsCombine-Community";
		};
		59A572A42B5AE941000C0262 /* FirebaseInAppMessaging-Beta */ = {
			isa = XCSwiftPackageProductDependency;
			package = 59A5725F2B5AE885000C0262 /* XCRemoteSwiftPackageReference "firebase-ios-sdk" */;
			productName = "FirebaseInAppMessaging-Beta";
		};
		59A572A62B5AE941000C0262 /* FirebaseInAppMessagingSwift-Beta */ = {
			isa = XCSwiftPackageProductDependency;
			package = 59A5725F2B5AE885000C0262 /* XCRemoteSwiftPackageReference "firebase-ios-sdk" */;
			productName = "FirebaseInAppMessagingSwift-Beta";
		};
		59A572A82B5AE941000C0262 /* FirebaseInstallations */ = {
			isa = XCSwiftPackageProductDependency;
			package = 59A5725F2B5AE885000C0262 /* XCRemoteSwiftPackageReference "firebase-ios-sdk" */;
			productName = FirebaseInstallations;
		};
		59A572AA2B5AE941000C0262 /* FirebaseMLModelDownloader */ = {
			isa = XCSwiftPackageProductDependency;
			package = 59A5725F2B5AE885000C0262 /* XCRemoteSwiftPackageReference "firebase-ios-sdk" */;
			productName = FirebaseMLModelDownloader;
		};
		59A572AC2B5AE941000C0262 /* FirebaseMessaging */ = {
			isa = XCSwiftPackageProductDependency;
			package = 59A5725F2B5AE885000C0262 /* XCRemoteSwiftPackageReference "firebase-ios-sdk" */;
			productName = FirebaseMessaging;
		};
		59A572AE2B5AE941000C0262 /* FirebasePerformance */ = {
			isa = XCSwiftPackageProductDependency;
			package = 59A5725F2B5AE885000C0262 /* XCRemoteSwiftPackageReference "firebase-ios-sdk" */;
			productName = FirebasePerformance;
		};
		59A572B02B5AE941000C0262 /* FirebaseRemoteConfig */ = {
			isa = XCSwiftPackageProductDependency;
			package = 59A5725F2B5AE885000C0262 /* XCRemoteSwiftPackageReference "firebase-ios-sdk" */;
			productName = FirebaseRemoteConfig;
		};
		59A572B22B5AE941000C0262 /* FirebaseRemoteConfigSwift */ = {
			isa = XCSwiftPackageProductDependency;
			package = 59A5725F2B5AE885000C0262 /* XCRemoteSwiftPackageReference "firebase-ios-sdk" */;
			productName = FirebaseRemoteConfigSwift;
		};
		59A572B42B5AE941000C0262 /* FirebaseStorage */ = {
			isa = XCSwiftPackageProductDependency;
			package = 59A5725F2B5AE885000C0262 /* XCRemoteSwiftPackageReference "firebase-ios-sdk" */;
			productName = FirebaseStorage;
		};
		59A572B62B5AE941000C0262 /* FirebaseStorageCombine-Community */ = {
			isa = XCSwiftPackageProductDependency;
			package = 59A5725F2B5AE885000C0262 /* XCRemoteSwiftPackageReference "firebase-ios-sdk" */;
			productName = "FirebaseStorageCombine-Community";
		};
		59A572B92B5AEA06000C0262 /* IQKeyboardManagerSwift */ = {
			isa = XCSwiftPackageProductDependency;
			package = 59A572B82B5AEA06000C0262 /* XCRemoteSwiftPackageReference "IQKeyboardManager" */;
			productName = IQKeyboardManagerSwift;
		};
		59A572BB2B5AEA79000C0262 /* IQKeyboardManagerSwift */ = {
			isa = XCSwiftPackageProductDependency;
			package = 59A572B82B5AEA06000C0262 /* XCRemoteSwiftPackageReference "IQKeyboardManager" */;
			productName = IQKeyboardManagerSwift;
		};
/* End XCSwiftPackageProductDependency section */
	};
	rootObject = 59A572302B5AE38E000C0262 /* Project object */;
}
